
Microsoft Visual Studio Solution File, Format Version 12.00
# Visual Studio Version 17
VisualStudioVersion = 17.4.33213.308
MinimumVisualStudioVersion = 10.0.40219.1
Project("{FAE04EC0-301F-11D3-BF4B-00C04F79EFBC}") = "after-intro", "after-intro\after-intro.csproj", "{952F0A55-98B2-4B85-B069-1AC35E94D085}"
EndProject
Global
	GlobalSection(SolutionConfigurationPlatforms) = preSolution
		Debug|Any CPU = Debug|Any CPU
		Release|Any CPU = Release|Any CPU
	EndGlobalSection
	GlobalSection(ProjectConfigurationPlatforms) = postSolution
		{952F0A55-98B2-4B85-B069-1AC35E94D085}.Debug|Any CPU.ActiveCfg = Debug|Any CPU
		{952F0A55-98B2-4B85-B069-1AC35E94D085}.Debug|Any CPU.Build.0 = Debug|Any CPU
		{952F0A55-98B2-4B85-B069-1AC35E94D085}.Release|Any CPU.ActiveCfg = Release|Any CPU
		{952F0A55-98B2-4B85-B069-1AC35E94D085}.Release|Any CPU.Build.0 = Release|Any CPU
	EndGlobalSection
	GlobalSection(SolutionProperties) = preSolution
		HideSolutionNode = FALSE
	EndGlobalSection
	GlobalSection(ExtensibilityGlobals) = postSolution
		SolutionGuid = {627FDD80-CEF1-4A51-B058-04F877147788}
	EndGlobalSection
EndGlobal
