
Microsoft Visual Studio Solution File, Format Version 12.00
# Visual Studio Version 17
VisualStudioVersion = 17.4.33213.308
MinimumVisualStudioVersion = 10.0.40219.1
Project("{FAE04EC0-301F-11D3-BF4B-00C04F79EFBC}") = "Generics", "Generics\Generics.csproj", "{0DDA5FE5-CAB1-48F9-B258-75A6065F0A9C}"
EndProject
Global
	GlobalSection(SolutionConfigurationPlatforms) = preSolution
		Debug|Any CPU = Debug|Any CPU
		Release|Any CPU = Release|Any CPU
	EndGlobalSection
	GlobalSection(ProjectConfigurationPlatforms) = postSolution
		{0DDA5FE5-CAB1-48F9-B258-75A6065F0A9C}.Debug|Any CPU.ActiveCfg = Debug|Any CPU
		{0DDA5FE5-CAB1-48F9-B258-75A6065F0A9C}.Debug|Any CPU.Build.0 = Debug|Any CPU
		{0DDA5FE5-CAB1-48F9-B258-75A6065F0A9C}.Release|Any CPU.ActiveCfg = Release|Any CPU
		{0DDA5FE5-CAB1-48F9-B258-75A6065F0A9C}.Release|Any CPU.Build.0 = Release|Any CPU
	EndGlobalSection
	GlobalSection(SolutionProperties) = preSolution
		HideSolutionNode = FALSE
	EndGlobalSection
	GlobalSection(ExtensibilityGlobals) = postSolution
		SolutionGuid = {18C8B0B0-6BDB-4B85-B9C1-8039E8E419FA}
	EndGlobalSection
EndGlobal
